
Microsoft Visual Studio Solution File, Format Version 12.00
Project("{FAE04EC0-301F-11D3-BF4B-00C04F79EFBC}") = "BookStore", "BookStore.csproj", "{200C98D2-7CE0-433C-A564-4310B86A616A}"
EndProject
Project("{2150E333-8FDC-42A3-9474-1A3956D46DE8}") = "Solution Items", "Solution Items", "{F926AF15-60EC-4761-85B6-F2680C80E4A3}"
	ProjectSection(SolutionItems) = preProject
		docker-compose.yml = docker-compose.yml
	EndProjectSection
EndProject
Global
	GlobalSection(SolutionConfigurationPlatforms) = preSolution
		Debug|Any CPU = Debug|Any CPU
		Release|Any CPU = Release|Any CPU
	EndGlobalSection
	GlobalSection(ProjectConfigurationPlatforms) = postSolution
		{200C98D2-7CE0-433C-A564-4310B86A616A}.Debug|Any CPU.ActiveCfg = Debug|Any CPU
		{200C98D2-7CE0-433C-A564-4310B86A616A}.Debug|Any CPU.Build.0 = Debug|Any CPU
		{200C98D2-7CE0-433C-A564-4310B86A616A}.Release|Any CPU.ActiveCfg = Release|Any CPU
		{200C98D2-7CE0-433C-A564-4310B86A616A}.Release|Any CPU.Build.0 = Release|Any CPU
	EndGlobalSection
EndGlobal
